<?xml version="1.0" encoding="utf-8"?>
<Project ToolsVersion="4.0" xmlns="http://schemas.microsoft.com/developer/msbuild/2003">
  <ItemGroup>
    <ClCompile Include="pch.cpp" />
    <ClCompile Include="source\vector\Test_VectorAdd.cpp">
      <Filter>source\vector</Filter>
    </ClCompile>
    <ClCompile Include="source\implementation\matrix\Test_Matrix_Code.cpp" />
    <ClCompile Include="source\implementation\vector\Test_Vector_Code.cpp" />
    <ClCompile Include="source\vector\Test_VectorScalarAdd.cpp" />
    <ClCompile Include="source\vector\Test_VectorScalarDiv.cpp" />
    <ClCompile Include="source\vector\Test_VectorScalarMul.cpp" />
    <ClCompile Include="source\vector\Test_VectorScalarSub.cpp" />
    <ClCompile Include="source\vector\Test_VectorSub.cpp" />
    <ClCompile Include="source\vector\Test_VectorSum.cpp" />
    <ClCompile Include="source\vector\Test_VectorUnit.cpp" />
    <ClCompile Include="source\vector\Test_VectorVar.cpp" />
    <ClCompile Include="source\vector\Test_VectorMul.cpp" />
    <ClCompile Include="source\vector\Test_VectorNorm.cpp" />
    <ClCompile Include="source\vector\Test_VectorMinMax.cpp" />
    <ClCompile Include="source\vector\Test_VectorMin.cpp" />
    <ClCompile Include="source\vector\Test_VectorMean.cpp" />
    <ClCompile Include="source\vector\Test_VectorMax.cpp" />
    <ClCompile Include="source\vector\Test_VectorMag.cpp" />
    <ClCompile Include="source\vector\Test_VectorDiv.cpp" />
    <ClCompile Include="source\vector\Test_VectorDot.cpp" />
    <ClCompile Include="source\vector\Test_VectorCov.cpp" />
    <ClCompile Include="source\vector\Test_VectorCorr.cpp" />
    <ClCompile Include="source\vector\Test_VectorAngle.cpp" />
    <ClCompile Include="source\vector\Test_VectorArgMax.cpp" />
    <ClCompile Include="source\vector\Test_VectorArgMin.cpp" />
    <ClCompile Include="source\vector\Test_VectorArgMinMax.cpp" />
  </ItemGroup>
  <ItemGroup>
    <ClInclude Include="include\pch.h" />
    <ClInclude Include="include\test_helper.h">
      <Filter>include</Filter>
    </ClInclude>
    <ClInclude Include="include\Test_Matrix_Code.h" />
    <ClInclude Include="include\Test_Vector_Code.h" />
    <ClInclude Include="include\test.h" />
    <ClInclude Include="include\print_types.h" />
  </ItemGroup>
  <ItemGroup>
    <Filter Include="source">
      <UniqueIdentifier>{eb880a2c-34d0-4123-906d-ad56c4b4dfbc}</UniqueIdentifier>
    </Filter>
    <Filter Include="source\vector">
      <UniqueIdentifier>{0184c616-72cd-4e25-9701-aad66db7a8a7}</UniqueIdentifier>
    </Filter>
    <Filter Include="source\matrix">
      <UniqueIdentifier>{38e44fce-15e3-44c2-8643-896e393e2588}</UniqueIdentifier>
    </Filter>
    <Filter Include="include">
      <UniqueIdentifier>{2fba4eff-e1db-4421-9aa9-120b116dfbf1}</UniqueIdentifier>
    </Filter>
  </ItemGroup>
  <ItemGroup>
    <None Include="packages.config" />
  </ItemGroup>
</Project>